
Microsoft Visual Studio Solution File, Format Version 11.00
# Visual Studio 2010
Project("{FAE04EC0-301F-11D3-BF4B-00C04F79EFBC}") = "XUnitForVS", "XUnitForVS\XUnitForVS.csproj", "{FD90417A-8636-4135-87F9-C1A5F710DA61}"
EndProject
Global
	GlobalSection(SolutionConfigurationPlatforms) = preSolution
		Debug|Any CPU = Debug|Any CPU
		Release|Any CPU = Release|Any CPU
	EndGlobalSection
	GlobalSection(ProjectConfigurationPlatforms) = postSolution
		{FD90417A-8636-4135-87F9-C1A5F710DA61}.Debug|Any CPU.ActiveCfg = Debug|Any CPU
		{FD90417A-8636-4135-87F9-C1A5F710DA61}.Debug|Any CPU.Build.0 = Debug|Any CPU
		{FD90417A-8636-4135-87F9-C1A5F710DA61}.Release|Any CPU.ActiveCfg = Release|Any CPU
		{FD90417A-8636-4135-87F9-C1A5F710DA61}.Release|Any CPU.Build.0 = Release|Any CPU
	EndGlobalSection
	GlobalSection(SolutionProperties) = preSolution
		HideSolutionNode = FALSE
	EndGlobalSection
EndGlobal
