Microsoft Visual Studio Solution File, Format Version 11.00
# Visual Studio 2010
Project("{FAE04EC0-301F-11D3-BF4B-00C04F79EFBC}") = "xunit.runner.visualstudio.vs2010", "XUnitForVS\xunit.runner.visualstudio.vs2010.csproj", "{FD90417A-8636-4135-87F9-C1A5F710DA61}"
EndProject
Project("{FAE04EC0-301F-11D3-BF4B-00C04F79EFBC}") = "xunit.runner.visualstudio.vs2010.autoinstaller", "XUnitForVS.AutoInstaller\xunit.runner.visualstudio.vs2010.autoinstaller.csproj", "{5BED043F-649B-4B6B-A3CB-F84BB3C46FE1}"
EndProject
Project("{FAE04EC0-301F-11D3-BF4B-00C04F79EFBC}") = "xunit.runner.visualstudio.vs2010.installer", "XUnitForVS.Installer\xunit.runner.visualstudio.vs2010.installer.csproj", "{A6B985E3-E6DA-425E-A27D-688998456DDE}"
EndProject
Project("{FAE04EC0-301F-11D3-BF4B-00C04F79EFBC}") = "xunit.runner.visualstudio.vs2010.core", "XUnitForVS.Core\xunit.runner.visualstudio.vs2010.core.csproj", "{2E394B7F-7092-4BAF-A731-2E62C41671D9}"
EndProject
Project("{FAE04EC0-301F-11D3-BF4B-00C04F79EFBC}") = "xunit.runner.visualstudio.vs2010.templates", "XUnitForVS.Templates\xunit.runner.visualstudio.vs2010.templates.csproj", "{07AA3327-E934-46D2-AB5C-8D02947AEC25}"
EndProject
Project("{2150E333-8FDC-42A3-9474-1A3956D46DE8}") = "CodeSign", "CodeSign", "{A884C340-CADA-4A06-9DFF-7CB829C49A9D}"
	ProjectSection(SolutionItems) = preProject
		CodeSign\Key-sn.pfx = CodeSign\Key-sn.pfx
	EndProjectSection
EndProject
Project("{FAE04EC0-301F-11D3-BF4B-00C04F79EFBC}") = "xunit.runner.visualstudio.vs2010.mstestshadow", "xunit.runner.visualstudio.vs2010.mstestshadow\xunit.runner.visualstudio.vs2010.mstestshadow.csproj", "{76616A08-7072-481A-B3E6-2275336EC7A8}"
EndProject
Global
	GlobalSection(SolutionConfigurationPlatforms) = preSolution
		Debug|Any CPU = Debug|Any CPU
		Debug|Mixed Platforms = Debug|Mixed Platforms
		Debug|x86 = Debug|x86
		Release|Any CPU = Release|Any CPU
		Release|Mixed Platforms = Release|Mixed Platforms
		Release|x86 = Release|x86
	EndGlobalSection
	GlobalSection(ProjectConfigurationPlatforms) = postSolution
		{FD90417A-8636-4135-87F9-C1A5F710DA61}.Debug|Any CPU.ActiveCfg = Debug|Any CPU
		{FD90417A-8636-4135-87F9-C1A5F710DA61}.Debug|Any CPU.Build.0 = Debug|Any CPU
		{FD90417A-8636-4135-87F9-C1A5F710DA61}.Debug|Mixed Platforms.ActiveCfg = Debug|Any CPU
		{FD90417A-8636-4135-87F9-C1A5F710DA61}.Debug|Mixed Platforms.Build.0 = Debug|Any CPU
		{FD90417A-8636-4135-87F9-C1A5F710DA61}.Debug|x86.ActiveCfg = Debug|Any CPU
		{FD90417A-8636-4135-87F9-C1A5F710DA61}.Release|Any CPU.ActiveCfg = Release|Any CPU
		{FD90417A-8636-4135-87F9-C1A5F710DA61}.Release|Any CPU.Build.0 = Release|Any CPU
		{FD90417A-8636-4135-87F9-C1A5F710DA61}.Release|Mixed Platforms.ActiveCfg = Release|Any CPU
		{FD90417A-8636-4135-87F9-C1A5F710DA61}.Release|Mixed Platforms.Build.0 = Release|Any CPU
		{FD90417A-8636-4135-87F9-C1A5F710DA61}.Release|x86.ActiveCfg = Release|Any CPU
		{5BED043F-649B-4B6B-A3CB-F84BB3C46FE1}.Debug|Any CPU.ActiveCfg = Debug|x86
		{5BED043F-649B-4B6B-A3CB-F84BB3C46FE1}.Debug|Mixed Platforms.ActiveCfg = Debug|x86
		{5BED043F-649B-4B6B-A3CB-F84BB3C46FE1}.Debug|Mixed Platforms.Build.0 = Debug|x86
		{5BED043F-649B-4B6B-A3CB-F84BB3C46FE1}.Debug|x86.ActiveCfg = Debug|x86
		{5BED043F-649B-4B6B-A3CB-F84BB3C46FE1}.Debug|x86.Build.0 = Debug|x86
		{5BED043F-649B-4B6B-A3CB-F84BB3C46FE1}.Release|Any CPU.ActiveCfg = Release|x86
		{5BED043F-649B-4B6B-A3CB-F84BB3C46FE1}.Release|Mixed Platforms.ActiveCfg = Release|x86
		{5BED043F-649B-4B6B-A3CB-F84BB3C46FE1}.Release|Mixed Platforms.Build.0 = Release|x86
		{5BED043F-649B-4B6B-A3CB-F84BB3C46FE1}.Release|x86.ActiveCfg = Release|x86
		{5BED043F-649B-4B6B-A3CB-F84BB3C46FE1}.Release|x86.Build.0 = Release|x86
		{A6B985E3-E6DA-425E-A27D-688998456DDE}.Debug|Any CPU.ActiveCfg = Debug|Any CPU
		{A6B985E3-E6DA-425E-A27D-688998456DDE}.Debug|Any CPU.Build.0 = Debug|Any CPU
		{A6B985E3-E6DA-425E-A27D-688998456DDE}.Debug|Mixed Platforms.ActiveCfg = Debug|Any CPU
		{A6B985E3-E6DA-425E-A27D-688998456DDE}.Debug|Mixed Platforms.Build.0 = Debug|Any CPU
		{A6B985E3-E6DA-425E-A27D-688998456DDE}.Debug|x86.ActiveCfg = Debug|Any CPU
		{A6B985E3-E6DA-425E-A27D-688998456DDE}.Release|Any CPU.ActiveCfg = Release|Any CPU
		{A6B985E3-E6DA-425E-A27D-688998456DDE}.Release|Any CPU.Build.0 = Release|Any CPU
		{A6B985E3-E6DA-425E-A27D-688998456DDE}.Release|Mixed Platforms.ActiveCfg = Release|Any CPU
		{A6B985E3-E6DA-425E-A27D-688998456DDE}.Release|Mixed Platforms.Build.0 = Release|Any CPU
		{A6B985E3-E6DA-425E-A27D-688998456DDE}.Release|x86.ActiveCfg = Release|Any CPU
		{2E394B7F-7092-4BAF-A731-2E62C41671D9}.Debug|Any CPU.ActiveCfg = Debug|Any CPU
		{2E394B7F-7092-4BAF-A731-2E62C41671D9}.Debug|Any CPU.Build.0 = Debug|Any CPU
		{2E394B7F-7092-4BAF-A731-2E62C41671D9}.Debug|Mixed Platforms.ActiveCfg = Debug|Any CPU
		{2E394B7F-7092-4BAF-A731-2E62C41671D9}.Debug|Mixed Platforms.Build.0 = Debug|Any CPU
		{2E394B7F-7092-4BAF-A731-2E62C41671D9}.Debug|x86.ActiveCfg = Debug|Any CPU
		{2E394B7F-7092-4BAF-A731-2E62C41671D9}.Release|Any CPU.ActiveCfg = Release|Any CPU
		{2E394B7F-7092-4BAF-A731-2E62C41671D9}.Release|Any CPU.Build.0 = Release|Any CPU
		{2E394B7F-7092-4BAF-A731-2E62C41671D9}.Release|Mixed Platforms.ActiveCfg = Release|Any CPU
		{2E394B7F-7092-4BAF-A731-2E62C41671D9}.Release|Mixed Platforms.Build.0 = Release|Any CPU
		{2E394B7F-7092-4BAF-A731-2E62C41671D9}.Release|x86.ActiveCfg = Release|Any CPU
		{07AA3327-E934-46D2-AB5C-8D02947AEC25}.Debug|Any CPU.ActiveCfg = Debug|Any CPU
		{07AA3327-E934-46D2-AB5C-8D02947AEC25}.Debug|Any CPU.Build.0 = Debug|Any CPU
		{07AA3327-E934-46D2-AB5C-8D02947AEC25}.Debug|Mixed Platforms.ActiveCfg = Debug|Any CPU
		{07AA3327-E934-46D2-AB5C-8D02947AEC25}.Debug|Mixed Platforms.Build.0 = Debug|Any CPU
		{07AA3327-E934-46D2-AB5C-8D02947AEC25}.Debug|x86.ActiveCfg = Debug|Any CPU
		{07AA3327-E934-46D2-AB5C-8D02947AEC25}.Release|Any CPU.ActiveCfg = Release|Any CPU
		{07AA3327-E934-46D2-AB5C-8D02947AEC25}.Release|Any CPU.Build.0 = Release|Any CPU
		{07AA3327-E934-46D2-AB5C-8D02947AEC25}.Release|Mixed Platforms.ActiveCfg = Release|Any CPU
		{07AA3327-E934-46D2-AB5C-8D02947AEC25}.Release|Mixed Platforms.Build.0 = Release|Any CPU
		{07AA3327-E934-46D2-AB5C-8D02947AEC25}.Release|x86.ActiveCfg = Release|Any CPU
		{76616A08-7072-481A-B3E6-2275336EC7A8}.Debug|Any CPU.ActiveCfg = Debug|x86
		{76616A08-7072-481A-B3E6-2275336EC7A8}.Debug|Mixed Platforms.ActiveCfg = Debug|x86
		{76616A08-7072-481A-B3E6-2275336EC7A8}.Debug|Mixed Platforms.Build.0 = Debug|x86
		{76616A08-7072-481A-B3E6-2275336EC7A8}.Debug|x86.ActiveCfg = Debug|x86
		{76616A08-7072-481A-B3E6-2275336EC7A8}.Debug|x86.Build.0 = Debug|x86
		{76616A08-7072-481A-B3E6-2275336EC7A8}.Release|Any CPU.ActiveCfg = Release|x86
		{76616A08-7072-481A-B3E6-2275336EC7A8}.Release|Mixed Platforms.ActiveCfg = Release|x86
		{76616A08-7072-481A-B3E6-2275336EC7A8}.Release|Mixed Platforms.Build.0 = Release|x86
		{76616A08-7072-481A-B3E6-2275336EC7A8}.Release|x86.ActiveCfg = Release|x86
		{76616A08-7072-481A-B3E6-2275336EC7A8}.Release|x86.Build.0 = Release|x86
	EndGlobalSection
	GlobalSection(SolutionProperties) = preSolution
		HideSolutionNode = FALSE
	EndGlobalSection
EndGlobal
